// !$*UTF8*$!
{
	archiveVersion = 1;
	classes = {
	};
	objectVersion = 50;
	objects = {

/* Begin PBXBuildFile section */
		E00850F6212AFC1E0057B2B5 /* FoodListingTableViewCell.swift in Sources */ = {isa = PBXBuildFile; fileRef = E00850F5212AFC1E0057B2B5 /* FoodListingTableViewCell.swift */; };
		E00850FA212B00650057B2B5 /* ListingModel.swift in Sources */ = {isa = PBXBuildFile; fileRef = E00850F9212B00650057B2B5 /* ListingModel.swift */; };
		E02014B12412E71300C75D6A /* GUID.swift in Sources */ = {isa = PBXBuildFile; fileRef = E02014B02412E71300C75D6A /* GUID.swift */; };
		E05F76E724005C2B006E29AF /* PinVerifyResponse.swift in Sources */ = {isa = PBXBuildFile; fileRef = E05F76E624005C2B006E29AF /* PinVerifyResponse.swift */; };
		E05F76E924005C43006E29AF /* ListingResponse.swift in Sources */ = {isa = PBXBuildFile; fileRef = E05F76E824005C43006E29AF /* ListingResponse.swift */; };
		F60E5B5E2115053600426FA3 /* PickUpFoodViewController.swift in Sources */ = {isa = PBXBuildFile; fileRef = F60E5B5D2115053600426FA3 /* PickUpFoodViewController.swift */; };
		F61379B9235CBEEA008CF83F /* CampusPlateLogo.png in Resources */ = {isa = PBXBuildFile; fileRef = F61379B8235CBEE9008CF83F /* CampusPlateLogo.png */; };
		F6179EE9235E924C00299A9C /* Line.swift in Sources */ = {isa = PBXBuildFile; fileRef = F6179EE8235E924C00299A9C /* Line.swift */; };
		F61C0E712413451B0017C3A0 /* CampusPlateLogo-01.png in Resources */ = {isa = PBXBuildFile; fileRef = F61C0E702413451B0017C3A0 /* CampusPlateLogo-01.png */; };
		F61DCBAD2326E7C700F7FD7C /* Response.swift in Sources */ = {isa = PBXBuildFile; fileRef = F61DCBAC2326E7C700F7FD7C /* Response.swift */; };
		F61DCBAF2326E95800F7FD7C /* WSListing.swift in Sources */ = {isa = PBXBuildFile; fileRef = F61DCBAE2326E95800F7FD7C /* WSListing.swift */; };
		F62BEEE62108EFF400006DC0 /* MapViewController.swift in Sources */ = {isa = PBXBuildFile; fileRef = F62BEEE52108EFF300006DC0 /* MapViewController.swift */; };
		F6412C1C2207ECAB00C2927E /* CaterULoginScreenVC.swift in Sources */ = {isa = PBXBuildFile; fileRef = F6412C1B2207ECAB00C2927E /* CaterULoginScreenVC.swift */; };
		F6491E3B235FAB0C00D6C715 /* PickUpScreenLine.swift in Sources */ = {isa = PBXBuildFile; fileRef = F6491E3A235FAB0C00D6C715 /* PickUpScreenLine.swift */; };
		F656694625263F9B00A6BA2B /* TextFieldMaxLength.swift in Sources */ = {isa = PBXBuildFile; fileRef = F656694525263F9B00A6BA2B /* TextFieldMaxLength.swift */; };
		F656694A252B968800A6BA2B /* DoneButton.swift in Sources */ = {isa = PBXBuildFile; fileRef = F6566949252B968800A6BA2B /* DoneButton.swift */; };
		F65A60382188BADC00DB7338 /* CreateNewListing.swift in Sources */ = {isa = PBXBuildFile; fileRef = F65A60372188BADC00DB7338 /* CreateNewListing.swift */; };
		F6788FFF23E7C037009FC4C6 /* User.swift in Sources */ = {isa = PBXBuildFile; fileRef = F6788FFE23E7C037009FC4C6 /* User.swift */; };
		F678900123E7C1A1009FC4C6 /* UserModel.swift in Sources */ = {isa = PBXBuildFile; fileRef = F678900023E7C1A1009FC4C6 /* UserModel.swift */; };
		F69265DE24463754005C0701 /* CredentialManager.swift in Sources */ = {isa = PBXBuildFile; fileRef = F69265DD24463754005C0701 /* CredentialManager.swift */; };
		F69265E02446376C005C0701 /* Credential.swift in Sources */ = {isa = PBXBuildFile; fileRef = F69265DF2446376C005C0701 /* Credential.swift */; };
		F69BDB4320FA55780065BB78 /* AppDelegate.swift in Sources */ = {isa = PBXBuildFile; fileRef = F69BDB4220FA55780065BB78 /* AppDelegate.swift */; };
		F69BDB4820FA55780065BB78 /* Main.storyboard in Resources */ = {isa = PBXBuildFile; fileRef = F69BDB4620FA55780065BB78 /* Main.storyboard */; };
		F69BDB4A20FA55790065BB78 /* Assets.xcassets in Resources */ = {isa = PBXBuildFile; fileRef = F69BDB4920FA55790065BB78 /* Assets.xcassets */; };
		F69BDB4D20FA55790065BB78 /* LaunchScreen.storyboard in Resources */ = {isa = PBXBuildFile; fileRef = F69BDB4B20FA55790065BB78 /* LaunchScreen.storyboard */; };
		F69BDB5820FA557A0065BB78 /* BWFoodAppTests.swift in Sources */ = {isa = PBXBuildFile; fileRef = F69BDB5720FA557A0065BB78 /* BWFoodAppTests.swift */; };
		F6AE83A1254B33A500D38310 /* UIViewController+PulleyViewController.swift in Sources */ = {isa = PBXBuildFile; fileRef = F6AE839D254B33A400D38310 /* UIViewController+PulleyViewController.swift */; };
		F6AE83A2254B33A500D38310 /* PulleyPassthroughScrollView.swift in Sources */ = {isa = PBXBuildFile; fileRef = F6AE839E254B33A500D38310 /* PulleyPassthroughScrollView.swift */; };
		F6AE83A3254B33A500D38310 /* PulleyViewController.swift in Sources */ = {isa = PBXBuildFile; fileRef = F6AE839F254B33A500D38310 /* PulleyViewController.swift */; };
		F6AE83A4254B33A500D38310 /* UIView+constrainToParent.swift in Sources */ = {isa = PBXBuildFile; fileRef = F6AE83A0254B33A500D38310 /* UIView+constrainToParent.swift */; };
		F6BCD71924286CE1000C2E02 /* gif.swift in Sources */ = {isa = PBXBuildFile; fileRef = F6BCD71824286CE1000C2E02 /* gif.swift */; };
		F6BCD71B24286EF2000C2E02 /* fork-and-knife-logo.gif in Resources */ = {isa = PBXBuildFile; fileRef = F6BCD71A24286EF2000C2E02 /* fork-and-knife-logo.gif */; };
		F6E9726B244B51C8009A2BB0 /* SegueCheckerViewController.swift in Sources */ = {isa = PBXBuildFile; fileRef = F6E9726A244B51C8009A2BB0 /* SegueCheckerViewController.swift */; };
		F6EC99E925256A9900328BDC /* EnterPinVC.swift in Sources */ = {isa = PBXBuildFile; fileRef = F6EC99E825256A9900328BDC /* EnterPinVC.swift */; };
/* End PBXBuildFile section */

/* Begin PBXContainerItemProxy section */
		F69BDB5420FA55790065BB78 /* PBXContainerItemProxy */ = {
			isa = PBXContainerItemProxy;
			containerPortal = F69BDB3720FA55780065BB78 /* Project object */;
			proxyType = 1;
			remoteGlobalIDString = F69BDB3E20FA55780065BB78;
			remoteInfo = BWFoodApp;
		};
/* End PBXContainerItemProxy section */

/* Begin PBXFileReference section */
		E00850F5212AFC1E0057B2B5 /* FoodListingTableViewCell.swift */ = {isa = PBXFileReference; lastKnownFileType = sourcecode.swift; path = FoodListingTableViewCell.swift; sourceTree = "<group>"; };
		E00850F9212B00650057B2B5 /* ListingModel.swift */ = {isa = PBXFileReference; lastKnownFileType = sourcecode.swift; path = ListingModel.swift; sourceTree = "<group>"; };
		E02014B02412E71300C75D6A /* GUID.swift */ = {isa = PBXFileReference; lastKnownFileType = sourcecode.swift; path = GUID.swift; sourceTree = "<group>"; };
		E05F76E624005C2B006E29AF /* PinVerifyResponse.swift */ = {isa = PBXFileReference; lastKnownFileType = sourcecode.swift; path = PinVerifyResponse.swift; sourceTree = "<group>"; };
		E05F76E824005C43006E29AF /* ListingResponse.swift */ = {isa = PBXFileReference; lastKnownFileType = sourcecode.swift; path = ListingResponse.swift; sourceTree = "<group>"; };
		F60E5B5D2115053600426FA3 /* PickUpFoodViewController.swift */ = {isa = PBXFileReference; lastKnownFileType = sourcecode.swift; path = PickUpFoodViewController.swift; sourceTree = "<group>"; };
		F61379B8235CBEE9008CF83F /* CampusPlateLogo.png */ = {isa = PBXFileReference; lastKnownFileType = image.png; path = CampusPlateLogo.png; sourceTree = "<group>"; };
		F6179EE8235E924C00299A9C /* Line.swift */ = {isa = PBXFileReference; lastKnownFileType = sourcecode.swift; path = Line.swift; sourceTree = "<group>"; };
		F61C0E702413451B0017C3A0 /* CampusPlateLogo-01.png */ = {isa = PBXFileReference; lastKnownFileType = image.png; path = "CampusPlateLogo-01.png"; sourceTree = "<group>"; };
		F61DCBAC2326E7C700F7FD7C /* Response.swift */ = {isa = PBXFileReference; lastKnownFileType = sourcecode.swift; path = Response.swift; sourceTree = "<group>"; };
		F61DCBAE2326E95800F7FD7C /* WSListing.swift */ = {isa = PBXFileReference; lastKnownFileType = sourcecode.swift; path = WSListing.swift; sourceTree = "<group>"; };
		F62BEEE52108EFF300006DC0 /* MapViewController.swift */ = {isa = PBXFileReference; lastKnownFileType = sourcecode.swift; path = MapViewController.swift; sourceTree = "<group>"; };
		F6412C1B2207ECAB00C2927E /* CaterULoginScreenVC.swift */ = {isa = PBXFileReference; lastKnownFileType = sourcecode.swift; path = CaterULoginScreenVC.swift; sourceTree = "<group>"; };
		F6491E3A235FAB0C00D6C715 /* PickUpScreenLine.swift */ = {isa = PBXFileReference; lastKnownFileType = sourcecode.swift; path = PickUpScreenLine.swift; sourceTree = "<group>"; };
		F656694525263F9B00A6BA2B /* TextFieldMaxLength.swift */ = {isa = PBXFileReference; lastKnownFileType = sourcecode.swift; path = TextFieldMaxLength.swift; sourceTree = "<group>"; };
		F6566949252B968800A6BA2B /* DoneButton.swift */ = {isa = PBXFileReference; lastKnownFileType = sourcecode.swift; path = DoneButton.swift; sourceTree = "<group>"; };
		F65A60372188BADC00DB7338 /* CreateNewListing.swift */ = {isa = PBXFileReference; lastKnownFileType = sourcecode.swift; name = CreateNewListing.swift; path = ../View/CreateNewListing.swift; sourceTree = "<group>"; };
		F6788FFE23E7C037009FC4C6 /* User.swift */ = {isa = PBXFileReference; lastKnownFileType = sourcecode.swift; path = User.swift; sourceTree = "<group>"; };
		F678900023E7C1A1009FC4C6 /* UserModel.swift */ = {isa = PBXFileReference; lastKnownFileType = sourcecode.swift; path = UserModel.swift; sourceTree = "<group>"; };
		F69265DD24463754005C0701 /* CredentialManager.swift */ = {isa = PBXFileReference; lastKnownFileType = sourcecode.swift; path = CredentialManager.swift; sourceTree = "<group>"; };
		F69265DF2446376C005C0701 /* Credential.swift */ = {isa = PBXFileReference; lastKnownFileType = sourcecode.swift; path = Credential.swift; sourceTree = "<group>"; };
		F69BDB3F20FA55780065BB78 /* BWFoodApp.app */ = {isa = PBXFileReference; explicitFileType = wrapper.application; includeInIndex = 0; path = BWFoodApp.app; sourceTree = BUILT_PRODUCTS_DIR; };
		F69BDB4220FA55780065BB78 /* AppDelegate.swift */ = {isa = PBXFileReference; lastKnownFileType = sourcecode.swift; path = AppDelegate.swift; sourceTree = "<group>"; };
		F69BDB4720FA55780065BB78 /* Base */ = {isa = PBXFileReference; lastKnownFileType = file.storyboard; name = Base; path = Base.lproj/Main.storyboard; sourceTree = "<group>"; };
		F69BDB4920FA55790065BB78 /* Assets.xcassets */ = {isa = PBXFileReference; lastKnownFileType = folder.assetcatalog; path = Assets.xcassets; sourceTree = "<group>"; };
		F69BDB4C20FA55790065BB78 /* Base */ = {isa = PBXFileReference; lastKnownFileType = file.storyboard; name = Base; path = Base.lproj/LaunchScreen.storyboard; sourceTree = "<group>"; };
		F69BDB4E20FA55790065BB78 /* Info.plist */ = {isa = PBXFileReference; lastKnownFileType = text.plist.xml; path = Info.plist; sourceTree = "<group>"; };
		F69BDB5320FA55790065BB78 /* BWFoodAppTests.xctest */ = {isa = PBXFileReference; explicitFileType = wrapper.cfbundle; includeInIndex = 0; path = BWFoodAppTests.xctest; sourceTree = BUILT_PRODUCTS_DIR; };
		F69BDB5720FA557A0065BB78 /* BWFoodAppTests.swift */ = {isa = PBXFileReference; lastKnownFileType = sourcecode.swift; path = BWFoodAppTests.swift; sourceTree = "<group>"; };
		F69BDB5920FA557A0065BB78 /* Info.plist */ = {isa = PBXFileReference; lastKnownFileType = text.plist.xml; path = Info.plist; sourceTree = "<group>"; };
		F6AE833A25477A9400D38310 /* Pulley.h */ = {isa = PBXFileReference; fileEncoding = 4; lastKnownFileType = sourcecode.c.h; name = Pulley.h; path = "../../../Downloads/Pulley-master-2/Pulley/Pulley.h"; sourceTree = "<group>"; };
		F6AE839D254B33A400D38310 /* UIViewController+PulleyViewController.swift */ = {isa = PBXFileReference; fileEncoding = 4; lastKnownFileType = sourcecode.swift; path = "UIViewController+PulleyViewController.swift"; sourceTree = "<group>"; };
		F6AE839E254B33A500D38310 /* PulleyPassthroughScrollView.swift */ = {isa = PBXFileReference; fileEncoding = 4; lastKnownFileType = sourcecode.swift; path = PulleyPassthroughScrollView.swift; sourceTree = "<group>"; };
		F6AE839F254B33A500D38310 /* PulleyViewController.swift */ = {isa = PBXFileReference; fileEncoding = 4; lastKnownFileType = sourcecode.swift; path = PulleyViewController.swift; sourceTree = "<group>"; };
		F6AE83A0254B33A500D38310 /* UIView+constrainToParent.swift */ = {isa = PBXFileReference; fileEncoding = 4; lastKnownFileType = sourcecode.swift; path = "UIView+constrainToParent.swift"; sourceTree = "<group>"; };
		F6BCD71824286CE1000C2E02 /* gif.swift */ = {isa = PBXFileReference; lastKnownFileType = sourcecode.swift; path = gif.swift; sourceTree = "<group>"; };
		F6BCD71A24286EF2000C2E02 /* fork-and-knife-logo.gif */ = {isa = PBXFileReference; lastKnownFileType = image.gif; name = "fork-and-knife-logo.gif"; path = "Assets.xcassets/fork-and-knife-logo.dataset/fork-and-knife-logo.gif"; sourceTree = "<group>"; };
		F6E9726A244B51C8009A2BB0 /* SegueCheckerViewController.swift */ = {isa = PBXFileReference; lastKnownFileType = sourcecode.swift; path = SegueCheckerViewController.swift; sourceTree = "<group>"; };
		F6EC99E825256A9900328BDC /* EnterPinVC.swift */ = {isa = PBXFileReference; fileEncoding = 4; lastKnownFileType = sourcecode.swift; name = EnterPinVC.swift; path = "../../../newfoodapp-ios/BWFoodApp/Controller/EnterPinVC.swift"; sourceTree = "<group>"; };
/* End PBXFileReference section */

/* Begin PBXFrameworksBuildPhase section */
		F69BDB3C20FA55780065BB78 /* Frameworks */ = {
			isa = PBXFrameworksBuildPhase;
			buildActionMask = 2147483647;
			files = (
			);
			runOnlyForDeploymentPostprocessing = 0;
		};
		F69BDB5020FA55790065BB78 /* Frameworks */ = {
			isa = PBXFrameworksBuildPhase;
			buildActionMask = 2147483647;
			files = (
			);
			runOnlyForDeploymentPostprocessing = 0;
		};
/* End PBXFrameworksBuildPhase section */

/* Begin PBXGroup section */
		E00850F4212AFBE80057B2B5 /* View */ = {
			isa = PBXGroup;
			children = (
				F69BDB4620FA55780065BB78 /* Main.storyboard */,
				F6E9726A244B51C8009A2BB0 /* SegueCheckerViewController.swift */,
			);
			path = View;
			sourceTree = "<group>";
		};
		E00850F7212B00360057B2B5 /* Model */ = {
			isa = PBXGroup;
			children = (
				E00850F9212B00650057B2B5 /* ListingModel.swift */,
				F678900023E7C1A1009FC4C6 /* UserModel.swift */,
			);
			path = Model;
			sourceTree = "<group>";
		};
		E00850F8212B00410057B2B5 /* Controller */ = {
			isa = PBXGroup;
			children = (
				F6412C1B2207ECAB00C2927E /* CaterULoginScreenVC.swift */,
				F6EC99E825256A9900328BDC /* EnterPinVC.swift */,
				F60E5B5D2115053600426FA3 /* PickUpFoodViewController.swift */,
				F65A60372188BADC00DB7338 /* CreateNewListing.swift */,
				F62BEEE52108EFF300006DC0 /* MapViewController.swift */,
			);
			path = Controller;
			sourceTree = "<group>";
		};
		F61C175F22DBA814008313FD /* Custom Cells */ = {
			isa = PBXGroup;
			children = (
				E00850F5212AFC1E0057B2B5 /* FoodListingTableViewCell.swift */,
			);
			path = "Custom Cells";
			sourceTree = "<group>";
		};
		F62BEEB62106255900006DC0 /* Types */ = {
			isa = PBXGroup;
			children = (
				F61DCBAE2326E95800F7FD7C /* WSListing.swift */,
				F6788FFE23E7C037009FC4C6 /* User.swift */,
				F61DCBAC2326E7C700F7FD7C /* Response.swift */,
				E05F76E824005C43006E29AF /* ListingResponse.swift */,
				E05F76E624005C2B006E29AF /* PinVerifyResponse.swift */,
				E02014B02412E71300C75D6A /* GUID.swift */,
			);
			path = Types;
			sourceTree = "<group>";
		};
		F69BDB3620FA55780065BB78 = {
			isa = PBXGroup;
			children = (
				F69265DD24463754005C0701 /* CredentialManager.swift */,
				F69265DF2446376C005C0701 /* Credential.swift */,
				F6BCD71824286CE1000C2E02 /* gif.swift */,
				F6491E3A235FAB0C00D6C715 /* PickUpScreenLine.swift */,
				F6566949252B968800A6BA2B /* DoneButton.swift */,
				F656694525263F9B00A6BA2B /* TextFieldMaxLength.swift */,
				F6179EE8235E924C00299A9C /* Line.swift */,
				F69BDB4120FA55780065BB78 /* BWFoodApp */,
				F69BDB5620FA557A0065BB78 /* BWFoodAppTests */,
				F69BDB4020FA55780065BB78 /* Products */,
			);
			sourceTree = "<group>";
		};
		F69BDB4020FA55780065BB78 /* Products */ = {
			isa = PBXGroup;
			children = (
				F69BDB3F20FA55780065BB78 /* BWFoodApp.app */,
				F69BDB5320FA55790065BB78 /* BWFoodAppTests.xctest */,
			);
			name = Products;
			sourceTree = "<group>";
		};
		F69BDB4120FA55780065BB78 /* BWFoodApp */ = {
			isa = PBXGroup;
			children = (
				F61C175F22DBA814008313FD /* Custom Cells */,
				E00850F8212B00410057B2B5 /* Controller */,
				E00850F7212B00360057B2B5 /* Model */,
				E00850F4212AFBE80057B2B5 /* View */,
				F6AE832325477A7000D38310 /* Pulley */,
				F62BEEB62106255900006DC0 /* Types */,
				F69BDB4220FA55780065BB78 /* AppDelegate.swift */,
				F61379B8235CBEE9008CF83F /* CampusPlateLogo.png */,
				F61C0E702413451B0017C3A0 /* CampusPlateLogo-01.png */,
				F6BCD71A24286EF2000C2E02 /* fork-and-knife-logo.gif */,
				F69BDB4920FA55790065BB78 /* Assets.xcassets */,
				F69BDB4B20FA55790065BB78 /* LaunchScreen.storyboard */,
				F69BDB4E20FA55790065BB78 /* Info.plist */,
			);
			path = BWFoodApp;
			sourceTree = "<group>";
		};
		F69BDB5620FA557A0065BB78 /* BWFoodAppTests */ = {
			isa = PBXGroup;
			children = (
				F69BDB5720FA557A0065BB78 /* BWFoodAppTests.swift */,
				F69BDB5920FA557A0065BB78 /* Info.plist */,
			);
			path = BWFoodAppTests;
			sourceTree = "<group>";
		};
		F6AE832325477A7000D38310 /* Pulley */ = {
			isa = PBXGroup;
			children = (
				F6AE839E254B33A500D38310 /* PulleyPassthroughScrollView.swift */,
				F6AE839F254B33A500D38310 /* PulleyViewController.swift */,
				F6AE83A0254B33A500D38310 /* UIView+constrainToParent.swift */,
				F6AE839D254B33A400D38310 /* UIViewController+PulleyViewController.swift */,
				F6AE833A25477A9400D38310 /* Pulley.h */,
			);
			path = Pulley;
			sourceTree = "<group>";
		};
/* End PBXGroup section */

/* Begin PBXNativeTarget section */
		F69BDB3E20FA55780065BB78 /* BWFoodApp */ = {
			isa = PBXNativeTarget;
			buildConfigurationList = F69BDB5C20FA557A0065BB78 /* Build configuration list for PBXNativeTarget "BWFoodApp" */;
			buildPhases = (
				F69BDB3B20FA55780065BB78 /* Sources */,
				F69BDB3C20FA55780065BB78 /* Frameworks */,
				F69BDB3D20FA55780065BB78 /* Resources */,
			);
			buildRules = (
			);
			dependencies = (
			);
			name = BWFoodApp;
			productName = BWFoodApp;
			productReference = F69BDB3F20FA55780065BB78 /* BWFoodApp.app */;
			productType = "com.apple.product-type.application";
		};
		F69BDB5220FA55790065BB78 /* BWFoodAppTests */ = {
			isa = PBXNativeTarget;
			buildConfigurationList = F69BDB5F20FA557A0065BB78 /* Build configuration list for PBXNativeTarget "BWFoodAppTests" */;
			buildPhases = (
				F69BDB4F20FA55790065BB78 /* Sources */,
				F69BDB5020FA55790065BB78 /* Frameworks */,
				F69BDB5120FA55790065BB78 /* Resources */,
			);
			buildRules = (
			);
			dependencies = (
				F69BDB5520FA55790065BB78 /* PBXTargetDependency */,
			);
			name = BWFoodAppTests;
			productName = BWFoodAppTests;
			productReference = F69BDB5320FA55790065BB78 /* BWFoodAppTests.xctest */;
			productType = "com.apple.product-type.bundle.unit-test";
		};
/* End PBXNativeTarget section */

/* Begin PBXProject section */
		F69BDB3720FA55780065BB78 /* Project object */ = {
			isa = PBXProject;
			attributes = {
				LastSwiftUpdateCheck = 1000;
				LastUpgradeCheck = 1000;
				ORGANIZATIONNAME = "Dan Fitzgerald";
				TargetAttributes = {
					F69BDB3E20FA55780065BB78 = {
						CreatedOnToolsVersion = 10.0;
						LastSwiftMigration = 1130;
					};
					F69BDB5220FA55790065BB78 = {
						CreatedOnToolsVersion = 10.0;
						LastSwiftMigration = 1130;
						TestTargetID = F69BDB3E20FA55780065BB78;
					};
				};
			};
			buildConfigurationList = F69BDB3A20FA55780065BB78 /* Build configuration list for PBXProject "BWFoodApp" */;
			compatibilityVersion = "Xcode 9.3";
			developmentRegion = en;
			hasScannedForEncodings = 0;
			knownRegions = (
				en,
				Base,
			);
			mainGroup = F69BDB3620FA55780065BB78;
			productRefGroup = F69BDB4020FA55780065BB78 /* Products */;
			projectDirPath = "";
			projectRoot = "";
			targets = (
				F69BDB3E20FA55780065BB78 /* BWFoodApp */,
				F69BDB5220FA55790065BB78 /* BWFoodAppTests */,
			);
		};
/* End PBXProject section */

/* Begin PBXResourcesBuildPhase section */
		F69BDB3D20FA55780065BB78 /* Resources */ = {
			isa = PBXResourcesBuildPhase;
			buildActionMask = 2147483647;
			files = (
				F69BDB4D20FA55790065BB78 /* LaunchScreen.storyboard in Resources */,
				F69BDB4A20FA55790065BB78 /* Assets.xcassets in Resources */,
				F61C0E712413451B0017C3A0 /* CampusPlateLogo-01.png in Resources */,
				F6BCD71B24286EF2000C2E02 /* fork-and-knife-logo.gif in Resources */,
				F61379B9235CBEEA008CF83F /* CampusPlateLogo.png in Resources */,
				F69BDB4820FA55780065BB78 /* Main.storyboard in Resources */,
			);
			runOnlyForDeploymentPostprocessing = 0;
		};
		F69BDB5120FA55790065BB78 /* Resources */ = {
			isa = PBXResourcesBuildPhase;
			buildActionMask = 2147483647;
			files = (
			);
			runOnlyForDeploymentPostprocessing = 0;
		};
/* End PBXResourcesBuildPhase section */

/* Begin PBXSourcesBuildPhase section */
		F69BDB3B20FA55780065BB78 /* Sources */ = {
			isa = PBXSourcesBuildPhase;
			buildActionMask = 2147483647;
			files = (
				F6AE83A2254B33A500D38310 /* PulleyPassthroughScrollView.swift in Sources */,
				F656694A252B968800A6BA2B /* DoneButton.swift in Sources */,
				F6491E3B235FAB0C00D6C715 /* PickUpScreenLine.swift in Sources */,
				F6788FFF23E7C037009FC4C6 /* User.swift in Sources */,
				F69265E02446376C005C0701 /* Credential.swift in Sources */,
				F61DCBAD2326E7C700F7FD7C /* Response.swift in Sources */,
				F6EC99E925256A9900328BDC /* EnterPinVC.swift in Sources */,
				F6412C1C2207ECAB00C2927E /* CaterULoginScreenVC.swift in Sources */,
				F656694625263F9B00A6BA2B /* TextFieldMaxLength.swift in Sources */,
				F6AE83A1254B33A500D38310 /* UIViewController+PulleyViewController.swift in Sources */,
				F60E5B5E2115053600426FA3 /* PickUpFoodViewController.swift in Sources */,
				E00850FA212B00650057B2B5 /* ListingModel.swift in Sources */,
				E05F76E724005C2B006E29AF /* PinVerifyResponse.swift in Sources */,
				E00850F6212AFC1E0057B2B5 /* FoodListingTableViewCell.swift in Sources */,
				E02014B12412E71300C75D6A /* GUID.swift in Sources */,
				F61DCBAF2326E95800F7FD7C /* WSListing.swift in Sources */,
				F6AE83A4254B33A500D38310 /* UIView+constrainToParent.swift in Sources */,
				F6BCD71924286CE1000C2E02 /* gif.swift in Sources */,
				E05F76E924005C43006E29AF /* ListingResponse.swift in Sources */,
				F6E9726B244B51C8009A2BB0 /* SegueCheckerViewController.swift in Sources */,
				F65A60382188BADC00DB7338 /* CreateNewListing.swift in Sources */,
				F62BEEE62108EFF400006DC0 /* MapViewController.swift in Sources */,
				F678900123E7C1A1009FC4C6 /* UserModel.swift in Sources */,
				F6179EE9235E924C00299A9C /* Line.swift in Sources */,
				F69BDB4320FA55780065BB78 /* AppDelegate.swift in Sources */,
				F69265DE24463754005C0701 /* CredentialManager.swift in Sources */,
				F6AE83A3254B33A500D38310 /* PulleyViewController.swift in Sources */,
			);
			runOnlyForDeploymentPostprocessing = 0;
		};
		F69BDB4F20FA55790065BB78 /* Sources */ = {
			isa = PBXSourcesBuildPhase;
			buildActionMask = 2147483647;
			files = (
				F69BDB5820FA557A0065BB78 /* BWFoodAppTests.swift in Sources */,
			);
			runOnlyForDeploymentPostprocessing = 0;
		};
/* End PBXSourcesBuildPhase section */

/* Begin PBXTargetDependency section */
		F69BDB5520FA55790065BB78 /* PBXTargetDependency */ = {
			isa = PBXTargetDependency;
			target = F69BDB3E20FA55780065BB78 /* BWFoodApp */;
			targetProxy = F69BDB5420FA55790065BB78 /* PBXContainerItemProxy */;
		};
/* End PBXTargetDependency section */

/* Begin PBXVariantGroup section */
		F69BDB4620FA55780065BB78 /* Main.storyboard */ = {
			isa = PBXVariantGroup;
			children = (
				F69BDB4720FA55780065BB78 /* Base */,
			);
			name = Main.storyboard;
			sourceTree = "<group>";
		};
		F69BDB4B20FA55790065BB78 /* LaunchScreen.storyboard */ = {
			isa = PBXVariantGroup;
			children = (
				F69BDB4C20FA55790065BB78 /* Base */,
			);
			name = LaunchScreen.storyboard;
			sourceTree = "<group>";
		};
/* End PBXVariantGroup section */

/* Begin XCBuildConfiguration section */
		F69BDB5A20FA557A0065BB78 /* Debug */ = {
			isa = XCBuildConfiguration;
			buildSettings = {
				ALWAYS_SEARCH_USER_PATHS = NO;
				CLANG_ANALYZER_NONNULL = YES;
				CLANG_ANALYZER_NUMBER_OBJECT_CONVERSION = YES_AGGRESSIVE;
				CLANG_CXX_LANGUAGE_STANDARD = "gnu++14";
				CLANG_CXX_LIBRARY = "libc++";
				CLANG_ENABLE_MODULES = YES;
				CLANG_ENABLE_OBJC_ARC = YES;
				CLANG_ENABLE_OBJC_WEAK = YES;
				CLANG_WARN_BLOCK_CAPTURE_AUTORELEASING = YES;
				CLANG_WARN_BOOL_CONVERSION = YES;
				CLANG_WARN_COMMA = YES;
				CLANG_WARN_CONSTANT_CONVERSION = YES;
				CLANG_WARN_DEPRECATED_OBJC_IMPLEMENTATIONS = YES;
				CLANG_WARN_DIRECT_OBJC_ISA_USAGE = YES_ERROR;
				CLANG_WARN_DOCUMENTATION_COMMENTS = YES;
				CLANG_WARN_EMPTY_BODY = YES;
				CLANG_WARN_ENUM_CONVERSION = YES;
				CLANG_WARN_INFINITE_RECURSION = YES;
				CLANG_WARN_INT_CONVERSION = YES;
				CLANG_WARN_NON_LITERAL_NULL_CONVERSION = YES;
				CLANG_WARN_OBJC_IMPLICIT_RETAIN_SELF = YES;
				CLANG_WARN_OBJC_LITERAL_CONVERSION = YES;
				CLANG_WARN_OBJC_ROOT_CLASS = YES_ERROR;
				CLANG_WARN_RANGE_LOOP_ANALYSIS = YES;
				CLANG_WARN_STRICT_PROTOTYPES = YES;
				CLANG_WARN_SUSPICIOUS_MOVE = YES;
				CLANG_WARN_UNGUARDED_AVAILABILITY = YES_AGGRESSIVE;
				CLANG_WARN_UNREACHABLE_CODE = YES;
				CLANG_WARN__DUPLICATE_METHOD_MATCH = YES;
				CODE_SIGN_IDENTITY = "iPhone Developer";
				COPY_PHASE_STRIP = NO;
				DEBUG_INFORMATION_FORMAT = dwarf;
				ENABLE_STRICT_OBJC_MSGSEND = YES;
				ENABLE_TESTABILITY = YES;
				GCC_C_LANGUAGE_STANDARD = gnu11;
				GCC_DYNAMIC_NO_PIC = NO;
				GCC_NO_COMMON_BLOCKS = YES;
				GCC_OPTIMIZATION_LEVEL = 0;
				GCC_PREPROCESSOR_DEFINITIONS = (
					"DEBUG=1",
					"$(inherited)",
				);
				GCC_WARN_64_TO_32_BIT_CONVERSION = YES;
				GCC_WARN_ABOUT_RETURN_TYPE = YES_ERROR;
				GCC_WARN_UNDECLARED_SELECTOR = YES;
				GCC_WARN_UNINITIALIZED_AUTOS = YES_AGGRESSIVE;
				GCC_WARN_UNUSED_FUNCTION = YES;
				GCC_WARN_UNUSED_VARIABLE = YES;
				IPHONEOS_DEPLOYMENT_TARGET = 12.0;
				MTL_ENABLE_DEBUG_INFO = INCLUDE_SOURCE;
				MTL_FAST_MATH = YES;
				ONLY_ACTIVE_ARCH = YES;
				SDKROOT = iphoneos;
				SWIFT_ACTIVE_COMPILATION_CONDITIONS = DEBUG;
				SWIFT_OPTIMIZATION_LEVEL = "-Onone";
			};
			name = Debug;
		};
		F69BDB5B20FA557A0065BB78 /* Release */ = {
			isa = XCBuildConfiguration;
			buildSettings = {
				ALWAYS_SEARCH_USER_PATHS = NO;
				CLANG_ANALYZER_NONNULL = YES;
				CLANG_ANALYZER_NUMBER_OBJECT_CONVERSION = YES_AGGRESSIVE;
				CLANG_CXX_LANGUAGE_STANDARD = "gnu++14";
				CLANG_CXX_LIBRARY = "libc++";
				CLANG_ENABLE_MODULES = YES;
				CLANG_ENABLE_OBJC_ARC = YES;
				CLANG_ENABLE_OBJC_WEAK = YES;
				CLANG_WARN_BLOCK_CAPTURE_AUTORELEASING = YES;
				CLANG_WARN_BOOL_CONVERSION = YES;
				CLANG_WARN_COMMA = YES;
				CLANG_WARN_CONSTANT_CONVERSION = YES;
				CLANG_WARN_DEPRECATED_OBJC_IMPLEMENTATIONS = YES;
				CLANG_WARN_DIRECT_OBJC_ISA_USAGE = YES_ERROR;
				CLANG_WARN_DOCUMENTATION_COMMENTS = YES;
				CLANG_WARN_EMPTY_BODY = YES;
				CLANG_WARN_ENUM_CONVERSION = YES;
				CLANG_WARN_INFINITE_RECURSION = YES;
				CLANG_WARN_INT_CONVERSION = YES;
				CLANG_WARN_NON_LITERAL_NULL_CONVERSION = YES;
				CLANG_WARN_OBJC_IMPLICIT_RETAIN_SELF = YES;
				CLANG_WARN_OBJC_LITERAL_CONVERSION = YES;
				CLANG_WARN_OBJC_ROOT_CLASS = YES_ERROR;
				CLANG_WARN_RANGE_LOOP_ANALYSIS = YES;
				CLANG_WARN_STRICT_PROTOTYPES = YES;
				CLANG_WARN_SUSPICIOUS_MOVE = YES;
				CLANG_WARN_UNGUARDED_AVAILABILITY = YES_AGGRESSIVE;
				CLANG_WARN_UNREACHABLE_CODE = YES;
				CLANG_WARN__DUPLICATE_METHOD_MATCH = YES;
				CODE_SIGN_IDENTITY = "iPhone Developer";
				COPY_PHASE_STRIP = NO;
				DEBUG_INFORMATION_FORMAT = "dwarf-with-dsym";
				ENABLE_NS_ASSERTIONS = NO;
				ENABLE_STRICT_OBJC_MSGSEND = YES;
				GCC_C_LANGUAGE_STANDARD = gnu11;
				GCC_NO_COMMON_BLOCKS = YES;
				GCC_WARN_64_TO_32_BIT_CONVERSION = YES;
				GCC_WARN_ABOUT_RETURN_TYPE = YES_ERROR;
				GCC_WARN_UNDECLARED_SELECTOR = YES;
				GCC_WARN_UNINITIALIZED_AUTOS = YES_AGGRESSIVE;
				GCC_WARN_UNUSED_FUNCTION = YES;
				GCC_WARN_UNUSED_VARIABLE = YES;
				IPHONEOS_DEPLOYMENT_TARGET = 12.0;
				MTL_ENABLE_DEBUG_INFO = NO;
				MTL_FAST_MATH = YES;
				SDKROOT = iphoneos;
				SWIFT_COMPILATION_MODE = wholemodule;
				SWIFT_OPTIMIZATION_LEVEL = "-O";
				VALIDATE_PRODUCT = YES;
			};
			name = Release;
		};
		F69BDB5D20FA557A0065BB78 /* Debug */ = {
			isa = XCBuildConfiguration;
			buildSettings = {
				ASSETCATALOG_COMPILER_APPICON_NAME = AppIcon;
				ASSETCATALOG_COMPILER_LAUNCHIMAGE_NAME = LaunchImage;
				CODE_SIGN_STYLE = Automatic;
				DEVELOPMENT_TEAM = R4WWA43GUF;
				INFOPLIST_FILE = BWFoodApp/Info.plist;
				IPHONEOS_DEPLOYMENT_TARGET = 12;
				LD_RUNPATH_SEARCH_PATHS = (
					"$(inherited)",
					"@executable_path/Frameworks",
				);
				PRODUCT_BUNDLE_IDENTIFIER = com.dfitzger17.CampusPlate;
				PRODUCT_NAME = "$(TARGET_NAME)";
				SWIFT_VERSION = 5.0;
				TARGETED_DEVICE_FAMILY = "1,2";
			};
			name = Debug;
		};
		F69BDB5E20FA557A0065BB78 /* Release */ = {
			isa = XCBuildConfiguration;
			buildSettings = {
				ASSETCATALOG_COMPILER_APPICON_NAME = AppIcon;
				ASSETCATALOG_COMPILER_LAUNCHIMAGE_NAME = LaunchImage;
				CODE_SIGN_STYLE = Automatic;
				DEVELOPMENT_TEAM = R4WWA43GUF;
				INFOPLIST_FILE = BWFoodApp/Info.plist;
				IPHONEOS_DEPLOYMENT_TARGET = 12;
				LD_RUNPATH_SEARCH_PATHS = (
					"$(inherited)",
					"@executable_path/Frameworks",
				);
				PRODUCT_BUNDLE_IDENTIFIER = com.dfitzger17.CampusPlate;
				PRODUCT_NAME = "$(TARGET_NAME)";
				SWIFT_VERSION = 5.0;
				TARGETED_DEVICE_FAMILY = "1,2";
			};
			name = Release;
		};
		F69BDB6020FA557A0065BB78 /* Debug */ = {
			isa = XCBuildConfiguration;
			buildSettings = {
				ALWAYS_EMBED_SWIFT_STANDARD_LIBRARIES = YES;
				BUNDLE_LOADER = "$(TEST_HOST)";
				CODE_SIGN_STYLE = Automatic;
				DEVELOPMENT_TEAM = 4M6CUF4NU7;
				INFOPLIST_FILE = BWFoodAppTests/Info.plist;
				LD_RUNPATH_SEARCH_PATHS = (
					"$(inherited)",
					"@executable_path/Frameworks",
					"@loader_path/Frameworks",
				);
				PRODUCT_BUNDLE_IDENTIFIER = com.DanFitzgerald.BWFoodAppTests;
				PRODUCT_NAME = "$(TARGET_NAME)";
				SWIFT_VERSION = 5.0;
				TARGETED_DEVICE_FAMILY = "1,2";
				TEST_HOST = "$(BUILT_PRODUCTS_DIR)/BWFoodApp.app/BWFoodApp";
			};
			name = Debug;
		};
		F69BDB6120FA557A0065BB78 /* Release */ = {
			isa = XCBuildConfiguration;
			buildSettings = {
				ALWAYS_EMBED_SWIFT_STANDARD_LIBRARIES = YES;
				BUNDLE_LOADER = "$(TEST_HOST)";
				CODE_SIGN_STYLE = Automatic;
				DEVELOPMENT_TEAM = 4M6CUF4NU7;
				INFOPLIST_FILE = BWFoodAppTests/Info.plist;
				LD_RUNPATH_SEARCH_PATHS = (
					"$(inherited)",
					"@executable_path/Frameworks",
					"@loader_path/Frameworks",
				);
				PRODUCT_BUNDLE_IDENTIFIER = com.DanFitzgerald.BWFoodAppTests;
				PRODUCT_NAME = "$(TARGET_NAME)";
				SWIFT_VERSION = 5.0;
				TARGETED_DEVICE_FAMILY = "1,2";
				TEST_HOST = "$(BUILT_PRODUCTS_DIR)/BWFoodApp.app/BWFoodApp";
			};
			name = Release;
		};
/* End XCBuildConfiguration section */

/* Begin XCConfigurationList section */
		F69BDB3A20FA55780065BB78 /* Build configuration list for PBXProject "BWFoodApp" */ = {
			isa = XCConfigurationList;
			buildConfigurations = (
				F69BDB5A20FA557A0065BB78 /* Debug */,
				F69BDB5B20FA557A0065BB78 /* Release */,
			);
			defaultConfigurationIsVisible = 0;
			defaultConfigurationName = Release;
		};
		F69BDB5C20FA557A0065BB78 /* Build configuration list for PBXNativeTarget "BWFoodApp" */ = {
			isa = XCConfigurationList;
			buildConfigurations = (
				F69BDB5D20FA557A0065BB78 /* Debug */,
				F69BDB5E20FA557A0065BB78 /* Release */,
			);
			defaultConfigurationIsVisible = 0;
			defaultConfigurationName = Release;
		};
		F69BDB5F20FA557A0065BB78 /* Build configuration list for PBXNativeTarget "BWFoodAppTests" */ = {
			isa = XCConfigurationList;
			buildConfigurations = (
				F69BDB6020FA557A0065BB78 /* Debug */,
				F69BDB6120FA557A0065BB78 /* Release */,
			);
			defaultConfigurationIsVisible = 0;
			defaultConfigurationName = Release;
		};
/* End XCConfigurationList section */
	};
	rootObject = F69BDB3720FA55780065BB78 /* Project object */;
}
