// !$*UTF8*$!
{
	archiveVersion = 1;
	classes = {
	};
	objectVersion = 50;
	objects = {

/* Begin PBXBuildFile section */
		CD5853BF2935273700E3CF66 /* EmptyStateTableViewCell.swift in Sources */ = {isa = PBXBuildFile; fileRef = CD5853BE2935273700E3CF66 /* EmptyStateTableViewCell.swift */; };
		CD8CCCA02E798ACC00576C79 /* LocationManager.swift in Sources */ = {isa = PBXBuildFile; fileRef = CD8CCC9F2E798ACC00576C79 /* LocationManager.swift */; };
		CD8CCCA22E798B0700576C79 /* PresentingViewControllerDelegate.swift in Sources */ = {isa = PBXBuildFile; fileRef = CD8CCCA12E798B0700576C79 /* PresentingViewControllerDelegate.swift */; };
		D47AE5F926E86CFA0047C726 /* ServiceClient.swift in Sources */ = {isa = PBXBuildFile; fileRef = D47AE5F826E86CFA0047C726 /* ServiceClient.swift */; };
		D4FF758D26DFE393000B40FF /* Credential.swift in Sources */ = {isa = PBXBuildFile; fileRef = D4FF758C26DFE393000B40FF /* Credential.swift */; };
		E003B722254B33300065DF41 /* EnterPinViewController.swift in Sources */ = {isa = PBXBuildFile; fileRef = E003B721254B33300065DF41 /* EnterPinViewController.swift */; };
		E00850F6212AFC1E0057B2B5 /* FoodListingTableViewCell.swift in Sources */ = {isa = PBXBuildFile; fileRef = E00850F5212AFC1E0057B2B5 /* FoodListingTableViewCell.swift */; };
		E00850FA212B00650057B2B5 /* ListingModel.swift in Sources */ = {isa = PBXBuildFile; fileRef = E00850F9212B00650057B2B5 /* ListingModel.swift */; };
		E02014B12412E71300C75D6A /* GUID.swift in Sources */ = {isa = PBXBuildFile; fileRef = E02014B02412E71300C75D6A /* GUID.swift */; };
		E02A909D262F43CA003B342B /* AppState.swift in Sources */ = {isa = PBXBuildFile; fileRef = E02A909C262F43CA003B342B /* AppState.swift */; };
		E04EAC3125D59C63000F5879 /* FoodStopResponse.swift in Sources */ = {isa = PBXBuildFile; fileRef = E04EAC3025D59C63000F5879 /* FoodStopResponse.swift */; };
		E04EAC3525D5A2B9000F5879 /* UIColorExtension.swift in Sources */ = {isa = PBXBuildFile; fileRef = E04EAC3425D5A2B9000F5879 /* UIColorExtension.swift */; };
		E05F76E724005C2B006E29AF /* PinVerifyResponse.swift in Sources */ = {isa = PBXBuildFile; fileRef = E05F76E624005C2B006E29AF /* PinVerifyResponse.swift */; };
		E05F76E924005C43006E29AF /* ListingResponse.swift in Sources */ = {isa = PBXBuildFile; fileRef = E05F76E824005C43006E29AF /* ListingResponse.swift */; };
		E0D0D33F261DF7A9009BDBF3 /* CreateUserResponse.swift in Sources */ = {isa = PBXBuildFile; fileRef = E0D0D33E261DF7A9009BDBF3 /* CreateUserResponse.swift */; };
		F603CA2825C09829005B6F79 /* FoodStopModel.swift in Sources */ = {isa = PBXBuildFile; fileRef = F603CA2725C09829005B6F79 /* FoodStopModel.swift */; };
		F60E5B5E2115053600426FA3 /* PickUpFoodViewController.swift in Sources */ = {isa = PBXBuildFile; fileRef = F60E5B5D2115053600426FA3 /* PickUpFoodViewController.swift */; };
		F614DAF425F6C6430056C2CA /* CreateReservationResponse.swift in Sources */ = {isa = PBXBuildFile; fileRef = F614DAF325F6C6430056C2CA /* CreateReservationResponse.swift */; };
		F61785FE2559F03B00CEC8FA /* CustomMaskExample.swift in Sources */ = {isa = PBXBuildFile; fileRef = F61785FD2559F03B00CEC8FA /* CustomMaskExample.swift */; };
		F61C0E712413451B0017C3A0 /* CampusPlateLogo-01.png in Resources */ = {isa = PBXBuildFile; fileRef = F61C0E702413451B0017C3A0 /* CampusPlateLogo-01.png */; };
		F61DCBAD2326E7C700F7FD7C /* Response.swift in Sources */ = {isa = PBXBuildFile; fileRef = F61DCBAC2326E7C700F7FD7C /* Response.swift */; };
		F62A57BA254C86BC00F232BE /* FoodTableViewController.swift in Sources */ = {isa = PBXBuildFile; fileRef = F62A57B9254C86BC00F232BE /* FoodTableViewController.swift */; };
		F62BEEE62108EFF400006DC0 /* MapViewController.swift in Sources */ = {isa = PBXBuildFile; fileRef = F62BEEE52108EFF300006DC0 /* MapViewController.swift */; };
		F6412C1C2207ECAB00C2927E /* EnterEmailViewController.swift in Sources */ = {isa = PBXBuildFile; fileRef = F6412C1B2207ECAB00C2927E /* EnterEmailViewController.swift */; };
		F64FB5C525DF05D900672D51 /* PickUpConfirmationViewController.swift in Sources */ = {isa = PBXBuildFile; fileRef = F64FB5C425DF05D900672D51 /* PickUpConfirmationViewController.swift */; };
		F656694625263F9B00A6BA2B /* TextFieldMaxLength.swift in Sources */ = {isa = PBXBuildFile; fileRef = F656694525263F9B00A6BA2B /* TextFieldMaxLength.swift */; };
		F656694A252B968800A6BA2B /* DoneButton.swift in Sources */ = {isa = PBXBuildFile; fileRef = F6566949252B968800A6BA2B /* DoneButton.swift */; };
		F65A60382188BADC00DB7338 /* CreateNewListing.swift in Sources */ = {isa = PBXBuildFile; fileRef = F65A60372188BADC00DB7338 /* CreateNewListing.swift */; };
		F6663F56256C4D6E0084EC1C /* FoodStop.swift in Sources */ = {isa = PBXBuildFile; fileRef = F6663F55256C4D6E0084EC1C /* FoodStop.swift */; };
		F6663F63257E7EE10084EC1C /* WSListing.swift in Sources */ = {isa = PBXBuildFile; fileRef = F61DCBAE2326E95800F7FD7C /* WSListing.swift */; };
		F6788FFF23E7C037009FC4C6 /* User.swift in Sources */ = {isa = PBXBuildFile; fileRef = F6788FFE23E7C037009FC4C6 /* User.swift */; };
		F678900123E7C1A1009FC4C6 /* UserModel.swift in Sources */ = {isa = PBXBuildFile; fileRef = F678900023E7C1A1009FC4C6 /* UserModel.swift */; };
		F68F961D25F1924400FDCDB8 /* ReservationTableViewCell.swift in Sources */ = {isa = PBXBuildFile; fileRef = F68F961C25F1924400FDCDB8 /* ReservationTableViewCell.swift */; };
		F68F962125F1947400FDCDB8 /* MyReservationsTableViewCell.swift in Sources */ = {isa = PBXBuildFile; fileRef = F68F962025F1947400FDCDB8 /* MyReservationsTableViewCell.swift */; };
		F68F962925F19B2800FDCDB8 /* MyReservationsTableViewController.swift in Sources */ = {isa = PBXBuildFile; fileRef = F68F962825F19B2800FDCDB8 /* MyReservationsTableViewController.swift */; };
		F69265DE24463754005C0701 /* KeychainCredentialManager.swift in Sources */ = {isa = PBXBuildFile; fileRef = F69265DD24463754005C0701 /* KeychainCredentialManager.swift */; };
		F69265E02446376C005C0701 /* KeychainCredential.swift in Sources */ = {isa = PBXBuildFile; fileRef = F69265DF2446376C005C0701 /* KeychainCredential.swift */; };
		F692EA9225DB0E480069589B /* ImageResponse.swift in Sources */ = {isa = PBXBuildFile; fileRef = F692EA9125DB0E480069589B /* ImageResponse.swift */; };
		F69BDB4320FA55780065BB78 /* AppDelegate.swift in Sources */ = {isa = PBXBuildFile; fileRef = F69BDB4220FA55780065BB78 /* AppDelegate.swift */; };
		F69BDB4820FA55780065BB78 /* Main.storyboard in Resources */ = {isa = PBXBuildFile; fileRef = F69BDB4620FA55780065BB78 /* Main.storyboard */; };
		F69BDB4A20FA55790065BB78 /* Assets.xcassets in Resources */ = {isa = PBXBuildFile; fileRef = F69BDB4920FA55790065BB78 /* Assets.xcassets */; };
		F69BDB4D20FA55790065BB78 /* LaunchScreen.storyboard in Resources */ = {isa = PBXBuildFile; fileRef = F69BDB4B20FA55790065BB78 /* LaunchScreen.storyboard */; };
		F69BDB5820FA557A0065BB78 /* BWFoodAppTests.swift in Sources */ = {isa = PBXBuildFile; fileRef = F69BDB5720FA557A0065BB78 /* BWFoodAppTests.swift */; };
		F69D00F1260966C1003DE1BD /* spoony.png in Resources */ = {isa = PBXBuildFile; fileRef = F69D00F0260966C1003DE1BD /* spoony.png */; };
		F69EBE8325EDA7B000EF5ABA /* Reservation.swift in Sources */ = {isa = PBXBuildFile; fileRef = F69EBE8225EDA7B000EF5ABA /* Reservation.swift */; };
		F69EBE8925EF026900EF5ABA /* GetReservationResponse.swift in Sources */ = {isa = PBXBuildFile; fileRef = F69EBE8825EF026900EF5ABA /* GetReservationResponse.swift */; };
		F6AE83A1254B33A500D38310 /* UIViewController+PulleyViewController.swift in Sources */ = {isa = PBXBuildFile; fileRef = F6AE839D254B33A400D38310 /* UIViewController+PulleyViewController.swift */; };
		F6AE83A2254B33A500D38310 /* PulleyPassthroughScrollView.swift in Sources */ = {isa = PBXBuildFile; fileRef = F6AE839E254B33A500D38310 /* PulleyPassthroughScrollView.swift */; };
		F6AE83A3254B33A500D38310 /* PulleyViewController.swift in Sources */ = {isa = PBXBuildFile; fileRef = F6AE839F254B33A500D38310 /* PulleyViewController.swift */; };
		F6AE83A4254B33A500D38310 /* UIView+constrainToParent.swift in Sources */ = {isa = PBXBuildFile; fileRef = F6AE83A0254B33A500D38310 /* UIView+constrainToParent.swift */; };
		F6BCD71924286CE1000C2E02 /* gif.swift in Sources */ = {isa = PBXBuildFile; fileRef = F6BCD71824286CE1000C2E02 /* gif.swift */; };
		F6BCD71B24286EF2000C2E02 /* fork-and-knife-logo.gif in Resources */ = {isa = PBXBuildFile; fileRef = F6BCD71A24286EF2000C2E02 /* fork-and-knife-logo.gif */; };
		F6D49FA225F9739D00433642 /* ReservationTitleTableViewCell.swift in Sources */ = {isa = PBXBuildFile; fileRef = F6D49FA125F9739D00433642 /* ReservationTitleTableViewCell.swift */; };
		F6DA60DD25E827AC00710543 /* ReservationModel.swift in Sources */ = {isa = PBXBuildFile; fileRef = F6DA60DC25E827AC00710543 /* ReservationModel.swift */; };
		F6E3C33425B8CF82007FD10E /* RequestUtility.swift in Sources */ = {isa = PBXBuildFile; fileRef = F6E3C33325B8CF82007FD10E /* RequestUtility.swift */; };
		F6E9726B244B51C8009A2BB0 /* SegueCheckerViewController.swift in Sources */ = {isa = PBXBuildFile; fileRef = F6E9726A244B51C8009A2BB0 /* SegueCheckerViewController.swift */; };
/* End PBXBuildFile section */

/* Begin PBXContainerItemProxy section */
		F69BDB5420FA55790065BB78 /* PBXContainerItemProxy */ = {
			isa = PBXContainerItemProxy;
			containerPortal = F69BDB3720FA55780065BB78 /* Project object */;
			proxyType = 1;
			remoteGlobalIDString = F69BDB3E20FA55780065BB78;
			remoteInfo = BWFoodApp;
		};
/* End PBXContainerItemProxy section */

/* Begin PBXFileReference section */
		CD5853BE2935273700E3CF66 /* EmptyStateTableViewCell.swift */ = {isa = PBXFileReference; lastKnownFileType = sourcecode.swift; path = EmptyStateTableViewCell.swift; sourceTree = "<group>"; };
		CD8CCC9F2E798ACC00576C79 /* LocationManager.swift */ = {isa = PBXFileReference; lastKnownFileType = sourcecode.swift; path = LocationManager.swift; sourceTree = "<group>"; };
		CD8CCCA12E798B0700576C79 /* PresentingViewControllerDelegate.swift */ = {isa = PBXFileReference; lastKnownFileType = sourcecode.swift; path = PresentingViewControllerDelegate.swift; sourceTree = "<group>"; };
		D47AE5F826E86CFA0047C726 /* ServiceClient.swift */ = {isa = PBXFileReference; lastKnownFileType = sourcecode.swift; path = ServiceClient.swift; sourceTree = "<group>"; };
		D4FF758C26DFE393000B40FF /* Credential.swift */ = {isa = PBXFileReference; lastKnownFileType = sourcecode.swift; path = Credential.swift; sourceTree = "<group>"; };
		E003B721254B33300065DF41 /* EnterPinViewController.swift */ = {isa = PBXFileReference; fileEncoding = 4; lastKnownFileType = sourcecode.swift; path = EnterPinViewController.swift; sourceTree = "<group>"; };
		E00850F5212AFC1E0057B2B5 /* FoodListingTableViewCell.swift */ = {isa = PBXFileReference; lastKnownFileType = sourcecode.swift; path = FoodListingTableViewCell.swift; sourceTree = "<group>"; };
		E00850F9212B00650057B2B5 /* ListingModel.swift */ = {isa = PBXFileReference; lastKnownFileType = sourcecode.swift; path = ListingModel.swift; sourceTree = "<group>"; };
		E014BAD226DE95F0006A0D11 /* prod.xcconfig */ = {isa = PBXFileReference; lastKnownFileType = text.xcconfig; path = prod.xcconfig; sourceTree = "<group>"; };
		E014BAD326DE960B006A0D11 /* dev.xcconfig */ = {isa = PBXFileReference; lastKnownFileType = text.xcconfig; path = dev.xcconfig; sourceTree = "<group>"; };
		E02014B02412E71300C75D6A /* GUID.swift */ = {isa = PBXFileReference; lastKnownFileType = sourcecode.swift; path = GUID.swift; sourceTree = "<group>"; };
		E02A909C262F43CA003B342B /* AppState.swift */ = {isa = PBXFileReference; lastKnownFileType = sourcecode.swift; path = AppState.swift; sourceTree = "<group>"; };
		E04EAC3025D59C63000F5879 /* FoodStopResponse.swift */ = {isa = PBXFileReference; lastKnownFileType = sourcecode.swift; path = FoodStopResponse.swift; sourceTree = "<group>"; };
		E04EAC3425D5A2B9000F5879 /* UIColorExtension.swift */ = {isa = PBXFileReference; lastKnownFileType = sourcecode.swift; path = UIColorExtension.swift; sourceTree = "<group>"; };
		E05F76E624005C2B006E29AF /* PinVerifyResponse.swift */ = {isa = PBXFileReference; lastKnownFileType = sourcecode.swift; path = PinVerifyResponse.swift; sourceTree = "<group>"; };
		E05F76E824005C43006E29AF /* ListingResponse.swift */ = {isa = PBXFileReference; lastKnownFileType = sourcecode.swift; path = ListingResponse.swift; sourceTree = "<group>"; };
		E0D0D33E261DF7A9009BDBF3 /* CreateUserResponse.swift */ = {isa = PBXFileReference; lastKnownFileType = sourcecode.swift; path = CreateUserResponse.swift; sourceTree = "<group>"; };
		F603CA2725C09829005B6F79 /* FoodStopModel.swift */ = {isa = PBXFileReference; lastKnownFileType = sourcecode.swift; path = FoodStopModel.swift; sourceTree = "<group>"; };
		F60E5B5D2115053600426FA3 /* PickUpFoodViewController.swift */ = {isa = PBXFileReference; lastKnownFileType = sourcecode.swift; path = PickUpFoodViewController.swift; sourceTree = "<group>"; };
		F614DAF325F6C6430056C2CA /* CreateReservationResponse.swift */ = {isa = PBXFileReference; lastKnownFileType = sourcecode.swift; path = CreateReservationResponse.swift; sourceTree = "<group>"; };
		F61785FD2559F03B00CEC8FA /* CustomMaskExample.swift */ = {isa = PBXFileReference; lastKnownFileType = sourcecode.swift; path = CustomMaskExample.swift; sourceTree = "<group>"; };
		F61C0E702413451B0017C3A0 /* CampusPlateLogo-01.png */ = {isa = PBXFileReference; lastKnownFileType = image.png; path = "CampusPlateLogo-01.png"; sourceTree = "<group>"; };
		F61DCBAC2326E7C700F7FD7C /* Response.swift */ = {isa = PBXFileReference; lastKnownFileType = sourcecode.swift; path = Response.swift; sourceTree = "<group>"; };
		F61DCBAE2326E95800F7FD7C /* WSListing.swift */ = {isa = PBXFileReference; lastKnownFileType = sourcecode.swift; path = WSListing.swift; sourceTree = "<group>"; };
		F62A57B9254C86BC00F232BE /* FoodTableViewController.swift */ = {isa = PBXFileReference; lastKnownFileType = sourcecode.swift; path = FoodTableViewController.swift; sourceTree = "<group>"; };
		F62BEEE52108EFF300006DC0 /* MapViewController.swift */ = {isa = PBXFileReference; lastKnownFileType = sourcecode.swift; path = MapViewController.swift; sourceTree = "<group>"; };
		F6412C1B2207ECAB00C2927E /* EnterEmailViewController.swift */ = {isa = PBXFileReference; lastKnownFileType = sourcecode.swift; path = EnterEmailViewController.swift; sourceTree = "<group>"; };
		F64FB5C425DF05D900672D51 /* PickUpConfirmationViewController.swift */ = {isa = PBXFileReference; lastKnownFileType = sourcecode.swift; path = PickUpConfirmationViewController.swift; sourceTree = "<group>"; };
		F656694525263F9B00A6BA2B /* TextFieldMaxLength.swift */ = {isa = PBXFileReference; lastKnownFileType = sourcecode.swift; path = TextFieldMaxLength.swift; sourceTree = "<group>"; };
		F6566949252B968800A6BA2B /* DoneButton.swift */ = {isa = PBXFileReference; lastKnownFileType = sourcecode.swift; path = DoneButton.swift; sourceTree = "<group>"; };
		F65A60372188BADC00DB7338 /* CreateNewListing.swift */ = {isa = PBXFileReference; lastKnownFileType = sourcecode.swift; name = CreateNewListing.swift; path = ../View/CreateNewListing.swift; sourceTree = "<group>"; };
		F6663F55256C4D6E0084EC1C /* FoodStop.swift */ = {isa = PBXFileReference; lastKnownFileType = sourcecode.swift; path = FoodStop.swift; sourceTree = "<group>"; };
		F6788FFE23E7C037009FC4C6 /* User.swift */ = {isa = PBXFileReference; lastKnownFileType = sourcecode.swift; path = User.swift; sourceTree = "<group>"; };
		F678900023E7C1A1009FC4C6 /* UserModel.swift */ = {isa = PBXFileReference; lastKnownFileType = sourcecode.swift; path = UserModel.swift; sourceTree = "<group>"; };
		F68F961C25F1924400FDCDB8 /* ReservationTableViewCell.swift */ = {isa = PBXFileReference; lastKnownFileType = sourcecode.swift; path = ReservationTableViewCell.swift; sourceTree = "<group>"; };
		F68F962025F1947400FDCDB8 /* MyReservationsTableViewCell.swift */ = {isa = PBXFileReference; lastKnownFileType = sourcecode.swift; path = MyReservationsTableViewCell.swift; sourceTree = "<group>"; };
		F68F962825F19B2800FDCDB8 /* MyReservationsTableViewController.swift */ = {isa = PBXFileReference; lastKnownFileType = sourcecode.swift; path = MyReservationsTableViewController.swift; sourceTree = "<group>"; };
		F69265DD24463754005C0701 /* KeychainCredentialManager.swift */ = {isa = PBXFileReference; lastKnownFileType = sourcecode.swift; path = KeychainCredentialManager.swift; sourceTree = "<group>"; };
		F69265DF2446376C005C0701 /* KeychainCredential.swift */ = {isa = PBXFileReference; lastKnownFileType = sourcecode.swift; path = KeychainCredential.swift; sourceTree = "<group>"; };
		F692EA9125DB0E480069589B /* ImageResponse.swift */ = {isa = PBXFileReference; lastKnownFileType = sourcecode.swift; path = ImageResponse.swift; sourceTree = "<group>"; };
		F69BDB3F20FA55780065BB78 /* CampusPlate.app */ = {isa = PBXFileReference; explicitFileType = wrapper.application; includeInIndex = 0; path = CampusPlate.app; sourceTree = BUILT_PRODUCTS_DIR; };
		F69BDB4220FA55780065BB78 /* AppDelegate.swift */ = {isa = PBXFileReference; lastKnownFileType = sourcecode.swift; path = AppDelegate.swift; sourceTree = "<group>"; };
		F69BDB4720FA55780065BB78 /* Base */ = {isa = PBXFileReference; lastKnownFileType = file.storyboard; name = Base; path = Base.lproj/Main.storyboard; sourceTree = "<group>"; };
		F69BDB4920FA55790065BB78 /* Assets.xcassets */ = {isa = PBXFileReference; lastKnownFileType = folder.assetcatalog; path = Assets.xcassets; sourceTree = "<group>"; };
		F69BDB4C20FA55790065BB78 /* Base */ = {isa = PBXFileReference; lastKnownFileType = file.storyboard; name = Base; path = Base.lproj/LaunchScreen.storyboard; sourceTree = "<group>"; };
		F69BDB4E20FA55790065BB78 /* Info.plist */ = {isa = PBXFileReference; lastKnownFileType = text.plist.xml; path = Info.plist; sourceTree = "<group>"; };
		F69BDB5320FA55790065BB78 /* CampusPlateTests.xctest */ = {isa = PBXFileReference; explicitFileType = wrapper.cfbundle; includeInIndex = 0; path = CampusPlateTests.xctest; sourceTree = BUILT_PRODUCTS_DIR; };
		F69BDB5720FA557A0065BB78 /* BWFoodAppTests.swift */ = {isa = PBXFileReference; lastKnownFileType = sourcecode.swift; path = BWFoodAppTests.swift; sourceTree = "<group>"; };
		F69BDB5920FA557A0065BB78 /* Info.plist */ = {isa = PBXFileReference; lastKnownFileType = text.plist.xml; path = Info.plist; sourceTree = "<group>"; };
		F69D00F0260966C1003DE1BD /* spoony.png */ = {isa = PBXFileReference; lastKnownFileType = image.png; path = spoony.png; sourceTree = "<group>"; };
		F69EBE8225EDA7B000EF5ABA /* Reservation.swift */ = {isa = PBXFileReference; lastKnownFileType = sourcecode.swift; path = Reservation.swift; sourceTree = "<group>"; };
		F69EBE8825EF026900EF5ABA /* GetReservationResponse.swift */ = {isa = PBXFileReference; lastKnownFileType = sourcecode.swift; path = GetReservationResponse.swift; sourceTree = "<group>"; };
		F6AE839D254B33A400D38310 /* UIViewController+PulleyViewController.swift */ = {isa = PBXFileReference; fileEncoding = 4; lastKnownFileType = sourcecode.swift; path = "UIViewController+PulleyViewController.swift"; sourceTree = "<group>"; };
		F6AE839E254B33A500D38310 /* PulleyPassthroughScrollView.swift */ = {isa = PBXFileReference; fileEncoding = 4; lastKnownFileType = sourcecode.swift; path = PulleyPassthroughScrollView.swift; sourceTree = "<group>"; };
		F6AE839F254B33A500D38310 /* PulleyViewController.swift */ = {isa = PBXFileReference; fileEncoding = 4; lastKnownFileType = sourcecode.swift; path = PulleyViewController.swift; sourceTree = "<group>"; };
		F6AE83A0254B33A500D38310 /* UIView+constrainToParent.swift */ = {isa = PBXFileReference; fileEncoding = 4; lastKnownFileType = sourcecode.swift; path = "UIView+constrainToParent.swift"; sourceTree = "<group>"; };
		F6BCD71824286CE1000C2E02 /* gif.swift */ = {isa = PBXFileReference; lastKnownFileType = sourcecode.swift; path = gif.swift; sourceTree = "<group>"; };
		F6BCD71A24286EF2000C2E02 /* fork-and-knife-logo.gif */ = {isa = PBXFileReference; lastKnownFileType = image.gif; name = "fork-and-knife-logo.gif"; path = "Assets.xcassets/fork-and-knife-logo.dataset/fork-and-knife-logo.gif"; sourceTree = "<group>"; };
		F6D49FA125F9739D00433642 /* ReservationTitleTableViewCell.swift */ = {isa = PBXFileReference; lastKnownFileType = sourcecode.swift; name = ReservationTitleTableViewCell.swift; path = ../../ReservationTitleTableViewCell.swift; sourceTree = "<group>"; };
		F6DA60DC25E827AC00710543 /* ReservationModel.swift */ = {isa = PBXFileReference; lastKnownFileType = sourcecode.swift; path = ReservationModel.swift; sourceTree = "<group>"; };
		F6E3C33325B8CF82007FD10E /* RequestUtility.swift */ = {isa = PBXFileReference; lastKnownFileType = sourcecode.swift; path = RequestUtility.swift; sourceTree = "<group>"; };
		F6E9726A244B51C8009A2BB0 /* SegueCheckerViewController.swift */ = {isa = PBXFileReference; lastKnownFileType = sourcecode.swift; path = SegueCheckerViewController.swift; sourceTree = "<group>"; };
/* End PBXFileReference section */

/* Begin PBXFrameworksBuildPhase section */
		F69BDB3C20FA55780065BB78 /* Frameworks */ = {
			isa = PBXFrameworksBuildPhase;
			buildActionMask = 2147483647;
			files = (
			);
			runOnlyForDeploymentPostprocessing = 0;
		};
		F69BDB5020FA55790065BB78 /* Frameworks */ = {
			isa = PBXFrameworksBuildPhase;
			buildActionMask = 2147483647;
			files = (
			);
			runOnlyForDeploymentPostprocessing = 0;
		};
/* End PBXFrameworksBuildPhase section */

/* Begin PBXGroup section */
		E00850F4212AFBE80057B2B5 /* View */ = {
			isa = PBXGroup;
			children = (
				F69BDB4620FA55780065BB78 /* Main.storyboard */,
				F61785FD2559F03B00CEC8FA /* CustomMaskExample.swift */,
				E04EAC3425D5A2B9000F5879 /* UIColorExtension.swift */,
			);
			path = View;
			sourceTree = "<group>";
		};
		E00850F7212B00360057B2B5 /* Model */ = {
			isa = PBXGroup;
			children = (
				E00850F9212B00650057B2B5 /* ListingModel.swift */,
				F678900023E7C1A1009FC4C6 /* UserModel.swift */,
				F6DA60DC25E827AC00710543 /* ReservationModel.swift */,
				F603CA2725C09829005B6F79 /* FoodStopModel.swift */,
				F6E3C33325B8CF82007FD10E /* RequestUtility.swift */,
				D47AE5F826E86CFA0047C726 /* ServiceClient.swift */,
			);
			path = Model;
			sourceTree = "<group>";
		};
		E00850F8212B00410057B2B5 /* Controller */ = {
			isa = PBXGroup;
			children = (
				F6E9726A244B51C8009A2BB0 /* SegueCheckerViewController.swift */,
				F6412C1B2207ECAB00C2927E /* EnterEmailViewController.swift */,
				E003B721254B33300065DF41 /* EnterPinViewController.swift */,
				F65A60372188BADC00DB7338 /* CreateNewListing.swift */,
				F62BEEE52108EFF300006DC0 /* MapViewController.swift */,
				F62A57B9254C86BC00F232BE /* FoodTableViewController.swift */,
				F60E5B5D2115053600426FA3 /* PickUpFoodViewController.swift */,
				F64FB5C425DF05D900672D51 /* PickUpConfirmationViewController.swift */,
				F68F962825F19B2800FDCDB8 /* MyReservationsTableViewController.swift */,
			);
			path = Controller;
			sourceTree = "<group>";
		};
		E014BACF26DE94A8006A0D11 /* Configuration */ = {
			isa = PBXGroup;
			children = (
				E014BAD326DE960B006A0D11 /* dev.xcconfig */,
				E014BAD226DE95F0006A0D11 /* prod.xcconfig */,
			);
			path = Configuration;
			sourceTree = "<group>";
		};
		E0D0D342261DF7AD009BDBF3 /* Responses */ = {
			isa = PBXGroup;
			children = (
				E0D0D33E261DF7A9009BDBF3 /* CreateUserResponse.swift */,
				E05F76E824005C43006E29AF /* ListingResponse.swift */,
				F69EBE8825EF026900EF5ABA /* GetReservationResponse.swift */,
				F692EA9125DB0E480069589B /* ImageResponse.swift */,
				E05F76E624005C2B006E29AF /* PinVerifyResponse.swift */,
				F614DAF325F6C6430056C2CA /* CreateReservationResponse.swift */,
				E04EAC3025D59C63000F5879 /* FoodStopResponse.swift */,
			);
			path = Responses;
			sourceTree = "<group>";
		};
		F61C175F22DBA814008313FD /* Custom Cells */ = {
			isa = PBXGroup;
			children = (
				E00850F5212AFC1E0057B2B5 /* FoodListingTableViewCell.swift */,
				F6D49FA125F9739D00433642 /* ReservationTitleTableViewCell.swift */,
				F68F961C25F1924400FDCDB8 /* ReservationTableViewCell.swift */,
				F68F962025F1947400FDCDB8 /* MyReservationsTableViewCell.swift */,
				CD5853BE2935273700E3CF66 /* EmptyStateTableViewCell.swift */,
			);
			path = "Custom Cells";
			sourceTree = "<group>";
		};
		F62BEEB62106255900006DC0 /* Types */ = {
			isa = PBXGroup;
			children = (
				E0D0D342261DF7AD009BDBF3 /* Responses */,
				F61DCBAE2326E95800F7FD7C /* WSListing.swift */,
				F69EBE8225EDA7B000EF5ABA /* Reservation.swift */,
				F6788FFE23E7C037009FC4C6 /* User.swift */,
				F6663F55256C4D6E0084EC1C /* FoodStop.swift */,
				F61DCBAC2326E7C700F7FD7C /* Response.swift */,
				E02014B02412E71300C75D6A /* GUID.swift */,
				D4FF758C26DFE393000B40FF /* Credential.swift */,
			);
			path = Types;
			sourceTree = "<group>";
		};
		F69BDB3620FA55780065BB78 = {
			isa = PBXGroup;
			children = (
				E014BACF26DE94A8006A0D11 /* Configuration */,
				F69265DD24463754005C0701 /* KeychainCredentialManager.swift */,
				F69265DF2446376C005C0701 /* KeychainCredential.swift */,
				F6BCD71824286CE1000C2E02 /* gif.swift */,
				F6566949252B968800A6BA2B /* DoneButton.swift */,
				F656694525263F9B00A6BA2B /* TextFieldMaxLength.swift */,
				CD8CCC9F2E798ACC00576C79 /* LocationManager.swift */,
				CD8CCCA12E798B0700576C79 /* PresentingViewControllerDelegate.swift */,
				F69BDB4120FA55780065BB78 /* CampusPlate */,
				F69BDB5620FA557A0065BB78 /* CampusPlateTests */,
				F69BDB4020FA55780065BB78 /* Products */,
			);
			sourceTree = "<group>";
		};
		F69BDB4020FA55780065BB78 /* Products */ = {
			isa = PBXGroup;
			children = (
				F69BDB3F20FA55780065BB78 /* CampusPlate.app */,
				F69BDB5320FA55790065BB78 /* CampusPlateTests.xctest */,
			);
			name = Products;
			sourceTree = "<group>";
		};
		F69BDB4120FA55780065BB78 /* CampusPlate */ = {
			isa = PBXGroup;
			children = (
				F61C175F22DBA814008313FD /* Custom Cells */,
				E00850F8212B00410057B2B5 /* Controller */,
				E00850F7212B00360057B2B5 /* Model */,
				E00850F4212AFBE80057B2B5 /* View */,
				F6AE832325477A7000D38310 /* Pulley */,
				F62BEEB62106255900006DC0 /* Types */,
				F69BDB4220FA55780065BB78 /* AppDelegate.swift */,
				F61C0E702413451B0017C3A0 /* CampusPlateLogo-01.png */,
				F6BCD71A24286EF2000C2E02 /* fork-and-knife-logo.gif */,
				F69BDB4920FA55790065BB78 /* Assets.xcassets */,
				F69D00F0260966C1003DE1BD /* spoony.png */,
				F69BDB4B20FA55790065BB78 /* LaunchScreen.storyboard */,
				F69BDB4E20FA55790065BB78 /* Info.plist */,
				E02A909C262F43CA003B342B /* AppState.swift */,
			);
			path = CampusPlate;
			sourceTree = "<group>";
		};
		F69BDB5620FA557A0065BB78 /* CampusPlateTests */ = {
			isa = PBXGroup;
			children = (
				F69BDB5720FA557A0065BB78 /* BWFoodAppTests.swift */,
				F69BDB5920FA557A0065BB78 /* Info.plist */,
			);
			path = CampusPlateTests;
			sourceTree = "<group>";
		};
		F6AE832325477A7000D38310 /* Pulley */ = {
			isa = PBXGroup;
			children = (
				F6AE839E254B33A500D38310 /* PulleyPassthroughScrollView.swift */,
				F6AE839F254B33A500D38310 /* PulleyViewController.swift */,
				F6AE83A0254B33A500D38310 /* UIView+constrainToParent.swift */,
				F6AE839D254B33A400D38310 /* UIViewController+PulleyViewController.swift */,
			);
			path = Pulley;
			sourceTree = "<group>";
		};
/* End PBXGroup section */

/* Begin PBXNativeTarget section */
		F69BDB3E20FA55780065BB78 /* CampusPlate */ = {
			isa = PBXNativeTarget;
			buildConfigurationList = F69BDB5C20FA557A0065BB78 /* Build configuration list for PBXNativeTarget "CampusPlate" */;
			buildPhases = (
				F69BDB3B20FA55780065BB78 /* Sources */,
				F69BDB3C20FA55780065BB78 /* Frameworks */,
				F69BDB3D20FA55780065BB78 /* Resources */,
			);
			buildRules = (
			);
			dependencies = (
			);
			name = CampusPlate;
			productName = BWFoodApp;
			productReference = F69BDB3F20FA55780065BB78 /* CampusPlate.app */;
			productType = "com.apple.product-type.application";
		};
		F69BDB5220FA55790065BB78 /* CampusPlateTests */ = {
			isa = PBXNativeTarget;
			buildConfigurationList = F69BDB5F20FA557A0065BB78 /* Build configuration list for PBXNativeTarget "CampusPlateTests" */;
			buildPhases = (
				F69BDB4F20FA55790065BB78 /* Sources */,
				F69BDB5020FA55790065BB78 /* Frameworks */,
				F69BDB5120FA55790065BB78 /* Resources */,
			);
			buildRules = (
			);
			dependencies = (
				F69BDB5520FA55790065BB78 /* PBXTargetDependency */,
			);
			name = CampusPlateTests;
			productName = BWFoodAppTests;
			productReference = F69BDB5320FA55790065BB78 /* CampusPlateTests.xctest */;
			productType = "com.apple.product-type.bundle.unit-test";
		};
/* End PBXNativeTarget section */

/* Begin PBXProject section */
		F69BDB3720FA55780065BB78 /* Project object */ = {
			isa = PBXProject;
			attributes = {
				LastSwiftUpdateCheck = 1000;
				LastUpgradeCheck = 1240;
				ORGANIZATIONNAME = "Campus Plate";
				TargetAttributes = {
					F69BDB3E20FA55780065BB78 = {
						CreatedOnToolsVersion = 10.0;
						LastSwiftMigration = 1130;
					};
					F69BDB5220FA55790065BB78 = {
						CreatedOnToolsVersion = 10.0;
						LastSwiftMigration = 1130;
						TestTargetID = F69BDB3E20FA55780065BB78;
					};
				};
			};
			buildConfigurationList = F69BDB3A20FA55780065BB78 /* Build configuration list for PBXProject "CampusPlate" */;
			compatibilityVersion = "Xcode 9.3";
			developmentRegion = en;
			hasScannedForEncodings = 0;
			knownRegions = (
				en,
				Base,
			);
			mainGroup = F69BDB3620FA55780065BB78;
			productRefGroup = F69BDB4020FA55780065BB78 /* Products */;
			projectDirPath = "";
			projectRoot = "";
			targets = (
				F69BDB3E20FA55780065BB78 /* CampusPlate */,
				F69BDB5220FA55790065BB78 /* CampusPlateTests */,
			);
		};
/* End PBXProject section */

/* Begin PBXResourcesBuildPhase section */
		F69BDB3D20FA55780065BB78 /* Resources */ = {
			isa = PBXResourcesBuildPhase;
			buildActionMask = 2147483647;
			files = (
				F69BDB4D20FA55790065BB78 /* LaunchScreen.storyboard in Resources */,
				F69BDB4A20FA55790065BB78 /* Assets.xcassets in Resources */,
				F61C0E712413451B0017C3A0 /* CampusPlateLogo-01.png in Resources */,
				F6BCD71B24286EF2000C2E02 /* fork-and-knife-logo.gif in Resources */,
				F69BDB4820FA55780065BB78 /* Main.storyboard in Resources */,
				F69D00F1260966C1003DE1BD /* spoony.png in Resources */,
			);
			runOnlyForDeploymentPostprocessing = 0;
		};
		F69BDB5120FA55790065BB78 /* Resources */ = {
			isa = PBXResourcesBuildPhase;
			buildActionMask = 2147483647;
			files = (
			);
			runOnlyForDeploymentPostprocessing = 0;
		};
/* End PBXResourcesBuildPhase section */

/* Begin PBXSourcesBuildPhase section */
		F69BDB3B20FA55780065BB78 /* Sources */ = {
			isa = PBXSourcesBuildPhase;
			buildActionMask = 2147483647;
			files = (
				CD8CCCA22E798B0700576C79 /* PresentingViewControllerDelegate.swift in Sources */,
				F6E3C33425B8CF82007FD10E /* RequestUtility.swift in Sources */,
				F6663F63257E7EE10084EC1C /* WSListing.swift in Sources */,
				F68F962125F1947400FDCDB8 /* MyReservationsTableViewCell.swift in Sources */,
				F69EBE8325EDA7B000EF5ABA /* Reservation.swift in Sources */,
				F6AE83A2254B33A500D38310 /* PulleyPassthroughScrollView.swift in Sources */,
				F656694A252B968800A6BA2B /* DoneButton.swift in Sources */,
				F62A57BA254C86BC00F232BE /* FoodTableViewController.swift in Sources */,
				F6788FFF23E7C037009FC4C6 /* User.swift in Sources */,
				F69265E02446376C005C0701 /* KeychainCredential.swift in Sources */,
				F61DCBAD2326E7C700F7FD7C /* Response.swift in Sources */,
				F61785FE2559F03B00CEC8FA /* CustomMaskExample.swift in Sources */,
				D47AE5F926E86CFA0047C726 /* ServiceClient.swift in Sources */,
				F6412C1C2207ECAB00C2927E /* EnterEmailViewController.swift in Sources */,
				F68F962925F19B2800FDCDB8 /* MyReservationsTableViewController.swift in Sources */,
				E0D0D33F261DF7A9009BDBF3 /* CreateUserResponse.swift in Sources */,
				F656694625263F9B00A6BA2B /* TextFieldMaxLength.swift in Sources */,
				E04EAC3525D5A2B9000F5879 /* UIColorExtension.swift in Sources */,
				F614DAF425F6C6430056C2CA /* CreateReservationResponse.swift in Sources */,
				F603CA2825C09829005B6F79 /* FoodStopModel.swift in Sources */,
				F6AE83A1254B33A500D38310 /* UIViewController+PulleyViewController.swift in Sources */,
				CD8CCCA02E798ACC00576C79 /* LocationManager.swift in Sources */,
				F60E5B5E2115053600426FA3 /* PickUpFoodViewController.swift in Sources */,
				F6663F56256C4D6E0084EC1C /* FoodStop.swift in Sources */,
				E02A909D262F43CA003B342B /* AppState.swift in Sources */,
				F6DA60DD25E827AC00710543 /* ReservationModel.swift in Sources */,
				E00850FA212B00650057B2B5 /* ListingModel.swift in Sources */,
				E05F76E724005C2B006E29AF /* PinVerifyResponse.swift in Sources */,
				E00850F6212AFC1E0057B2B5 /* FoodListingTableViewCell.swift in Sources */,
				D4FF758D26DFE393000B40FF /* Credential.swift in Sources */,
				F6D49FA225F9739D00433642 /* ReservationTitleTableViewCell.swift in Sources */,
				E02014B12412E71300C75D6A /* GUID.swift in Sources */,
				F6AE83A4254B33A500D38310 /* UIView+constrainToParent.swift in Sources */,
				F6BCD71924286CE1000C2E02 /* gif.swift in Sources */,
				E05F76E924005C43006E29AF /* ListingResponse.swift in Sources */,
				F6E9726B244B51C8009A2BB0 /* SegueCheckerViewController.swift in Sources */,
				F65A60382188BADC00DB7338 /* CreateNewListing.swift in Sources */,
				F62BEEE62108EFF400006DC0 /* MapViewController.swift in Sources */,
				F692EA9225DB0E480069589B /* ImageResponse.swift in Sources */,
				F678900123E7C1A1009FC4C6 /* UserModel.swift in Sources */,
				F69EBE8925EF026900EF5ABA /* GetReservationResponse.swift in Sources */,
				F69BDB4320FA55780065BB78 /* AppDelegate.swift in Sources */,
				E003B722254B33300065DF41 /* EnterPinViewController.swift in Sources */,
				E04EAC3125D59C63000F5879 /* FoodStopResponse.swift in Sources */,
				CD5853BF2935273700E3CF66 /* EmptyStateTableViewCell.swift in Sources */,
				F64FB5C525DF05D900672D51 /* PickUpConfirmationViewController.swift in Sources */,
				F69265DE24463754005C0701 /* KeychainCredentialManager.swift in Sources */,
				F68F961D25F1924400FDCDB8 /* ReservationTableViewCell.swift in Sources */,
				F6AE83A3254B33A500D38310 /* PulleyViewController.swift in Sources */,
			);
			runOnlyForDeploymentPostprocessing = 0;
		};
		F69BDB4F20FA55790065BB78 /* Sources */ = {
			isa = PBXSourcesBuildPhase;
			buildActionMask = 2147483647;
			files = (
				F69BDB5820FA557A0065BB78 /* BWFoodAppTests.swift in Sources */,
			);
			runOnlyForDeploymentPostprocessing = 0;
		};
/* End PBXSourcesBuildPhase section */

/* Begin PBXTargetDependency section */
		F69BDB5520FA55790065BB78 /* PBXTargetDependency */ = {
			isa = PBXTargetDependency;
			target = F69BDB3E20FA55780065BB78 /* CampusPlate */;
			targetProxy = F69BDB5420FA55790065BB78 /* PBXContainerItemProxy */;
		};
/* End PBXTargetDependency section */

/* Begin PBXVariantGroup section */
		F69BDB4620FA55780065BB78 /* Main.storyboard */ = {
			isa = PBXVariantGroup;
			children = (
				F69BDB4720FA55780065BB78 /* Base */,
			);
			name = Main.storyboard;
			sourceTree = "<group>";
		};
		F69BDB4B20FA55790065BB78 /* LaunchScreen.storyboard */ = {
			isa = PBXVariantGroup;
			children = (
				F69BDB4C20FA55790065BB78 /* Base */,
			);
			name = LaunchScreen.storyboard;
			sourceTree = "<group>";
		};
/* End PBXVariantGroup section */

/* Begin XCBuildConfiguration section */
		F69BDB5A20FA557A0065BB78 /* Debug */ = {
			isa = XCBuildConfiguration;
			baseConfigurationReference = E014BAD326DE960B006A0D11 /* dev.xcconfig */;
			buildSettings = {
				ALWAYS_SEARCH_USER_PATHS = NO;
				CLANG_ANALYZER_NONNULL = YES;
				CLANG_ANALYZER_NUMBER_OBJECT_CONVERSION = YES_AGGRESSIVE;
				CLANG_CXX_LANGUAGE_STANDARD = "gnu++14";
				CLANG_CXX_LIBRARY = "libc++";
				CLANG_ENABLE_MODULES = YES;
				CLANG_ENABLE_OBJC_ARC = YES;
				CLANG_ENABLE_OBJC_WEAK = YES;
				CLANG_WARN_BLOCK_CAPTURE_AUTORELEASING = YES;
				CLANG_WARN_BOOL_CONVERSION = YES;
				CLANG_WARN_COMMA = YES;
				CLANG_WARN_CONSTANT_CONVERSION = YES;
				CLANG_WARN_DEPRECATED_OBJC_IMPLEMENTATIONS = YES;
				CLANG_WARN_DIRECT_OBJC_ISA_USAGE = YES_ERROR;
				CLANG_WARN_DOCUMENTATION_COMMENTS = YES;
				CLANG_WARN_EMPTY_BODY = YES;
				CLANG_WARN_ENUM_CONVERSION = YES;
				CLANG_WARN_INFINITE_RECURSION = YES;
				CLANG_WARN_INT_CONVERSION = YES;
				CLANG_WARN_NON_LITERAL_NULL_CONVERSION = YES;
				CLANG_WARN_OBJC_IMPLICIT_RETAIN_SELF = YES;
				CLANG_WARN_OBJC_LITERAL_CONVERSION = YES;
				CLANG_WARN_OBJC_ROOT_CLASS = YES_ERROR;
				CLANG_WARN_QUOTED_INCLUDE_IN_FRAMEWORK_HEADER = YES;
				CLANG_WARN_RANGE_LOOP_ANALYSIS = YES;
				CLANG_WARN_STRICT_PROTOTYPES = YES;
				CLANG_WARN_SUSPICIOUS_MOVE = YES;
				CLANG_WARN_UNGUARDED_AVAILABILITY = YES_AGGRESSIVE;
				CLANG_WARN_UNREACHABLE_CODE = YES;
				CLANG_WARN__DUPLICATE_METHOD_MATCH = YES;
				CODE_SIGN_IDENTITY = "iPhone Developer";
				COPY_PHASE_STRIP = NO;
				DEBUG_INFORMATION_FORMAT = dwarf;
				ENABLE_STRICT_OBJC_MSGSEND = YES;
				ENABLE_TESTABILITY = YES;
				GCC_C_LANGUAGE_STANDARD = gnu11;
				GCC_DYNAMIC_NO_PIC = NO;
				GCC_NO_COMMON_BLOCKS = YES;
				GCC_OPTIMIZATION_LEVEL = 0;
				GCC_PREPROCESSOR_DEFINITIONS = (
					"DEBUG=1",
					"$(inherited)",
				);
				GCC_WARN_64_TO_32_BIT_CONVERSION = YES;
				GCC_WARN_ABOUT_RETURN_TYPE = YES_ERROR;
				GCC_WARN_UNDECLARED_SELECTOR = YES;
				GCC_WARN_UNINITIALIZED_AUTOS = YES_AGGRESSIVE;
				GCC_WARN_UNUSED_FUNCTION = YES;
				GCC_WARN_UNUSED_VARIABLE = YES;
				IPHONEOS_DEPLOYMENT_TARGET = 12.0;
				MTL_ENABLE_DEBUG_INFO = INCLUDE_SOURCE;
				MTL_FAST_MATH = YES;
				ONLY_ACTIVE_ARCH = YES;
				SDKROOT = iphoneos;
				SWIFT_ACTIVE_COMPILATION_CONDITIONS = DEBUG;
				SWIFT_OPTIMIZATION_LEVEL = "-Onone";
			};
			name = Debug;
		};
		F69BDB5B20FA557A0065BB78 /* Release */ = {
			isa = XCBuildConfiguration;
			baseConfigurationReference = E014BAD226DE95F0006A0D11 /* prod.xcconfig */;
			buildSettings = {
				ALWAYS_SEARCH_USER_PATHS = NO;
				CLANG_ANALYZER_NONNULL = YES;
				CLANG_ANALYZER_NUMBER_OBJECT_CONVERSION = YES_AGGRESSIVE;
				CLANG_CXX_LANGUAGE_STANDARD = "gnu++14";
				CLANG_CXX_LIBRARY = "libc++";
				CLANG_ENABLE_MODULES = YES;
				CLANG_ENABLE_OBJC_ARC = YES;
				CLANG_ENABLE_OBJC_WEAK = YES;
				CLANG_WARN_BLOCK_CAPTURE_AUTORELEASING = YES;
				CLANG_WARN_BOOL_CONVERSION = YES;
				CLANG_WARN_COMMA = YES;
				CLANG_WARN_CONSTANT_CONVERSION = YES;
				CLANG_WARN_DEPRECATED_OBJC_IMPLEMENTATIONS = YES;
				CLANG_WARN_DIRECT_OBJC_ISA_USAGE = YES_ERROR;
				CLANG_WARN_DOCUMENTATION_COMMENTS = YES;
				CLANG_WARN_EMPTY_BODY = YES;
				CLANG_WARN_ENUM_CONVERSION = YES;
				CLANG_WARN_INFINITE_RECURSION = YES;
				CLANG_WARN_INT_CONVERSION = YES;
				CLANG_WARN_NON_LITERAL_NULL_CONVERSION = YES;
				CLANG_WARN_OBJC_IMPLICIT_RETAIN_SELF = YES;
				CLANG_WARN_OBJC_LITERAL_CONVERSION = YES;
				CLANG_WARN_OBJC_ROOT_CLASS = YES_ERROR;
				CLANG_WARN_QUOTED_INCLUDE_IN_FRAMEWORK_HEADER = YES;
				CLANG_WARN_RANGE_LOOP_ANALYSIS = YES;
				CLANG_WARN_STRICT_PROTOTYPES = YES;
				CLANG_WARN_SUSPICIOUS_MOVE = YES;
				CLANG_WARN_UNGUARDED_AVAILABILITY = YES_AGGRESSIVE;
				CLANG_WARN_UNREACHABLE_CODE = YES;
				CLANG_WARN__DUPLICATE_METHOD_MATCH = YES;
				CODE_SIGN_IDENTITY = "iPhone Developer";
				COPY_PHASE_STRIP = NO;
				DEBUG_INFORMATION_FORMAT = "dwarf-with-dsym";
				ENABLE_NS_ASSERTIONS = NO;
				ENABLE_STRICT_OBJC_MSGSEND = YES;
				GCC_C_LANGUAGE_STANDARD = gnu11;
				GCC_NO_COMMON_BLOCKS = YES;
				GCC_WARN_64_TO_32_BIT_CONVERSION = YES;
				GCC_WARN_ABOUT_RETURN_TYPE = YES_ERROR;
				GCC_WARN_UNDECLARED_SELECTOR = YES;
				GCC_WARN_UNINITIALIZED_AUTOS = YES_AGGRESSIVE;
				GCC_WARN_UNUSED_FUNCTION = YES;
				GCC_WARN_UNUSED_VARIABLE = YES;
				IPHONEOS_DEPLOYMENT_TARGET = 12.0;
				MTL_ENABLE_DEBUG_INFO = NO;
				MTL_FAST_MATH = YES;
				SDKROOT = iphoneos;
				SWIFT_COMPILATION_MODE = wholemodule;
				SWIFT_OPTIMIZATION_LEVEL = "-O";
				VALIDATE_PRODUCT = YES;
			};
			name = Release;
		};
		F69BDB5D20FA557A0065BB78 /* Debug */ = {
			isa = XCBuildConfiguration;
			buildSettings = {
				ASSETCATALOG_COMPILER_APPICON_NAME = AppIcon;
				CODE_SIGN_STYLE = Automatic;
				CURRENT_PROJECT_VERSION = 19;
				DEVELOPMENT_TEAM = MF9639JBWV;
				INFOPLIST_FILE = CampusPlate/Info.plist;
				INFOPLIST_KEY_CFBundleDisplayName = "Campus Plate";
				IPHONEOS_DEPLOYMENT_TARGET = 16.4;
				LD_RUNPATH_SEARCH_PATHS = (
					"$(inherited)",
					"@executable_path/Frameworks",
				);
				MARKETING_VERSION = 1.3;
				PRODUCT_BUNDLE_IDENTIFIER = dev.krupp.CampusPlateBW;
				PRODUCT_NAME = "$(TARGET_NAME)";
				SWIFT_VERSION = 5.0;
				TARGETED_DEVICE_FAMILY = "1,2";
			};
			name = Debug;
		};
		F69BDB5E20FA557A0065BB78 /* Release */ = {
			isa = XCBuildConfiguration;
			buildSettings = {
				ASSETCATALOG_COMPILER_APPICON_NAME = AppIcon;
				CODE_SIGN_STYLE = Automatic;
				CURRENT_PROJECT_VERSION = 19;
				DEVELOPMENT_TEAM = MF9639JBWV;
				INFOPLIST_FILE = CampusPlate/Info.plist;
				INFOPLIST_KEY_CFBundleDisplayName = "Campus Plate";
				IPHONEOS_DEPLOYMENT_TARGET = 16.4;
				LD_RUNPATH_SEARCH_PATHS = (
					"$(inherited)",
					"@executable_path/Frameworks",
				);
				MARKETING_VERSION = 1.3;
				PRODUCT_BUNDLE_IDENTIFIER = dev.krupp.CampusPlateBW;
				PRODUCT_NAME = "$(TARGET_NAME)";
				SWIFT_VERSION = 5.0;
				TARGETED_DEVICE_FAMILY = "1,2";
			};
			name = Release;
		};
		F69BDB6020FA557A0065BB78 /* Debug */ = {
			isa = XCBuildConfiguration;
			buildSettings = {
				ALWAYS_EMBED_SWIFT_STANDARD_LIBRARIES = YES;
				BUNDLE_LOADER = "$(TEST_HOST)";
				CODE_SIGN_STYLE = Automatic;
				DEVELOPMENT_TEAM = MF9639JBWV;
				INFOPLIST_FILE = BWFoodAppTests/Info.plist;
				LD_RUNPATH_SEARCH_PATHS = (
					"$(inherited)",
					"@executable_path/Frameworks",
					"@loader_path/Frameworks",
				);
				PRODUCT_BUNDLE_IDENTIFIER = com.DanFitzgerald.BWFoodAppTests;
				PRODUCT_NAME = "$(TARGET_NAME)";
				SWIFT_VERSION = 5.0;
				TARGETED_DEVICE_FAMILY = "1,2";
				TEST_HOST = "$(BUILT_PRODUCTS_DIR)/CampusPlate.app/CampusPlate";
			};
			name = Debug;
		};
		F69BDB6120FA557A0065BB78 /* Release */ = {
			isa = XCBuildConfiguration;
			buildSettings = {
				ALWAYS_EMBED_SWIFT_STANDARD_LIBRARIES = YES;
				BUNDLE_LOADER = "$(TEST_HOST)";
				CODE_SIGN_STYLE = Automatic;
				DEVELOPMENT_TEAM = MF9639JBWV;
				INFOPLIST_FILE = BWFoodAppTests/Info.plist;
				LD_RUNPATH_SEARCH_PATHS = (
					"$(inherited)",
					"@executable_path/Frameworks",
					"@loader_path/Frameworks",
				);
				PRODUCT_BUNDLE_IDENTIFIER = com.DanFitzgerald.BWFoodAppTests;
				PRODUCT_NAME = "$(TARGET_NAME)";
				SWIFT_VERSION = 5.0;
				TARGETED_DEVICE_FAMILY = "1,2";
				TEST_HOST = "$(BUILT_PRODUCTS_DIR)/CampusPlate.app/CampusPlate";
			};
			name = Release;
		};
/* End XCBuildConfiguration section */

/* Begin XCConfigurationList section */
		F69BDB3A20FA55780065BB78 /* Build configuration list for PBXProject "CampusPlate" */ = {
			isa = XCConfigurationList;
			buildConfigurations = (
				F69BDB5A20FA557A0065BB78 /* Debug */,
				F69BDB5B20FA557A0065BB78 /* Release */,
			);
			defaultConfigurationIsVisible = 0;
			defaultConfigurationName = Release;
		};
		F69BDB5C20FA557A0065BB78 /* Build configuration list for PBXNativeTarget "CampusPlate" */ = {
			isa = XCConfigurationList;
			buildConfigurations = (
				F69BDB5D20FA557A0065BB78 /* Debug */,
				F69BDB5E20FA557A0065BB78 /* Release */,
			);
			defaultConfigurationIsVisible = 0;
			defaultConfigurationName = Release;
		};
		F69BDB5F20FA557A0065BB78 /* Build configuration list for PBXNativeTarget "CampusPlateTests" */ = {
			isa = XCConfigurationList;
			buildConfigurations = (
				F69BDB6020FA557A0065BB78 /* Debug */,
				F69BDB6120FA557A0065BB78 /* Release */,
			);
			defaultConfigurationIsVisible = 0;
			defaultConfigurationName = Release;
		};
/* End XCConfigurationList section */
	};
	rootObject = F69BDB3720FA55780065BB78 /* Project object */;
}
